
Microsoft Visual Studio Solution File, Format Version 12.00
# Visual Studio 15
Project("{FAE04EC0-301F-11D3-BF4B-00C04F79EFBC}") = "Assembly-CSharp", "Assembly-CSharp.csproj", "{2EA24BBA-5B3B-A107-9431-D4732DD0AFED}"
EndProject
Global
	GlobalSection(SolutionConfigurationPlatforms) = preSolution
		Debug|Any CPU = Debug|Any CPU
		Release|Any CPU = Release|Any CPU
	EndGlobalSection
	GlobalSection(ProjectConfigurationPlatforms) = postSolution
		{2EA24BBA-5B3B-A107-9431-D4732DD0AFED}.Debug|Any CPU.ActiveCfg = Debug|Any CPU
		{2EA24BBA-5B3B-A107-9431-D4732DD0AFED}.Debug|Any CPU.Build.0 = Debug|Any CPU
		{2EA24BBA-5B3B-A107-9431-D4732DD0AFED}.Release|Any CPU.ActiveCfg = Release|Any CPU
		{2EA24BBA-5B3B-A107-9431-D4732DD0AFED}.Release|Any CPU.Build.0 = Release|Any CPU
	EndGlobalSection
	GlobalSection(SolutionProperties) = preSolution
		HideSolutionNode = FALSE
	EndGlobalSection
EndGlobal
