
Microsoft Visual Studio Solution File, Format Version 12.00
# Visual Studio 15
Project("{FAE04EC0-301F-11D3-BF4B-00C04F79EFBC}") = "Assembly-CSharp-firstpass", "Assembly-CSharp-firstpass.csproj", "{DB63221C-6871-4262-F894-D550D7B02151}"
EndProject
Project("{FAE04EC0-301F-11D3-BF4B-00C04F79EFBC}") = "Assembly-CSharp", "Assembly-CSharp.csproj", "{70B263AF-5707-DA2D-B24B-B59941E3F798}"
EndProject
Project("{FAE04EC0-301F-11D3-BF4B-00C04F79EFBC}") = "Wx", "Wx.csproj", "{9FD2468F-755B-4D39-E04C-7F826C34F917}"
EndProject
Project("{FAE04EC0-301F-11D3-BF4B-00C04F79EFBC}") = "Assembly-CSharp-Editor-firstpass", "Assembly-CSharp-Editor-firstpass.csproj", "{684CDC2E-0BF7-9156-3D49-EBAFFA621E50}"
EndProject
Project("{FAE04EC0-301F-11D3-BF4B-00C04F79EFBC}") = "WxEditor", "WxEditor.csproj", "{DD7D514A-1A90-9720-C174-B1EC40AE5535}"
EndProject
Project("{FAE04EC0-301F-11D3-BF4B-00C04F79EFBC}") = "Assembly-CSharp-Editor", "Assembly-CSharp-Editor.csproj", "{44FA3FBA-37F6-C27A-514B-D43FA6D7DB54}"
EndProject
Global
	GlobalSection(SolutionConfigurationPlatforms) = preSolution
		Debug|Any CPU = Debug|Any CPU
		Release|Any CPU = Release|Any CPU
	EndGlobalSection
	GlobalSection(ProjectConfigurationPlatforms) = postSolution
		{DB63221C-6871-4262-F894-D550D7B02151}.Debug|Any CPU.ActiveCfg = Debug|Any CPU
		{DB63221C-6871-4262-F894-D550D7B02151}.Debug|Any CPU.Build.0 = Debug|Any CPU
		{DB63221C-6871-4262-F894-D550D7B02151}.Release|Any CPU.ActiveCfg = Release|Any CPU
		{DB63221C-6871-4262-F894-D550D7B02151}.Release|Any CPU.Build.0 = Release|Any CPU
		{70B263AF-5707-DA2D-B24B-B59941E3F798}.Debug|Any CPU.ActiveCfg = Debug|Any CPU
		{70B263AF-5707-DA2D-B24B-B59941E3F798}.Debug|Any CPU.Build.0 = Debug|Any CPU
		{70B263AF-5707-DA2D-B24B-B59941E3F798}.Release|Any CPU.ActiveCfg = Release|Any CPU
		{70B263AF-5707-DA2D-B24B-B59941E3F798}.Release|Any CPU.Build.0 = Release|Any CPU
		{9FD2468F-755B-4D39-E04C-7F826C34F917}.Debug|Any CPU.ActiveCfg = Debug|Any CPU
		{9FD2468F-755B-4D39-E04C-7F826C34F917}.Debug|Any CPU.Build.0 = Debug|Any CPU
		{9FD2468F-755B-4D39-E04C-7F826C34F917}.Release|Any CPU.ActiveCfg = Release|Any CPU
		{9FD2468F-755B-4D39-E04C-7F826C34F917}.Release|Any CPU.Build.0 = Release|Any CPU
		{684CDC2E-0BF7-9156-3D49-EBAFFA621E50}.Debug|Any CPU.ActiveCfg = Debug|Any CPU
		{684CDC2E-0BF7-9156-3D49-EBAFFA621E50}.Debug|Any CPU.Build.0 = Debug|Any CPU
		{684CDC2E-0BF7-9156-3D49-EBAFFA621E50}.Release|Any CPU.ActiveCfg = Release|Any CPU
		{684CDC2E-0BF7-9156-3D49-EBAFFA621E50}.Release|Any CPU.Build.0 = Release|Any CPU
		{DD7D514A-1A90-9720-C174-B1EC40AE5535}.Debug|Any CPU.ActiveCfg = Debug|Any CPU
		{DD7D514A-1A90-9720-C174-B1EC40AE5535}.Debug|Any CPU.Build.0 = Debug|Any CPU
		{DD7D514A-1A90-9720-C174-B1EC40AE5535}.Release|Any CPU.ActiveCfg = Release|Any CPU
		{DD7D514A-1A90-9720-C174-B1EC40AE5535}.Release|Any CPU.Build.0 = Release|Any CPU
		{44FA3FBA-37F6-C27A-514B-D43FA6D7DB54}.Debug|Any CPU.ActiveCfg = Debug|Any CPU
		{44FA3FBA-37F6-C27A-514B-D43FA6D7DB54}.Debug|Any CPU.Build.0 = Debug|Any CPU
		{44FA3FBA-37F6-C27A-514B-D43FA6D7DB54}.Release|Any CPU.ActiveCfg = Release|Any CPU
		{44FA3FBA-37F6-C27A-514B-D43FA6D7DB54}.Release|Any CPU.Build.0 = Release|Any CPU
	EndGlobalSection
	GlobalSection(SolutionProperties) = preSolution
		HideSolutionNode = FALSE
	EndGlobalSection
EndGlobal
